
Microsoft Visual Studio Solution File, Format Version 12.00
# Visual Studio Version 16
VisualStudioVersion = 16.0.31005.135
MinimumVisualStudioVersion = 10.0.40219.1
Project("{FAE04EC0-301F-11D3-BF4B-00C04F79EFBC}") = "LesBouclesExo3", "LesBouclesExo3.csproj", "{07E2B1FD-3718-4CEA-A05B-8C62FE78D68E}"
EndProject
Global
	GlobalSection(SolutionConfigurationPlatforms) = preSolution
		Debug|Any CPU = Debug|Any CPU
		Release|Any CPU = Release|Any CPU
	EndGlobalSection
	GlobalSection(ProjectConfigurationPlatforms) = postSolution
		{07E2B1FD-3718-4CEA-A05B-8C62FE78D68E}.Debug|Any CPU.ActiveCfg = Debug|Any CPU
		{07E2B1FD-3718-4CEA-A05B-8C62FE78D68E}.Debug|Any CPU.Build.0 = Debug|Any CPU
		{07E2B1FD-3718-4CEA-A05B-8C62FE78D68E}.Release|Any CPU.ActiveCfg = Release|Any CPU
		{07E2B1FD-3718-4CEA-A05B-8C62FE78D68E}.Release|Any CPU.Build.0 = Release|Any CPU
	EndGlobalSection
	GlobalSection(SolutionProperties) = preSolution
		HideSolutionNode = FALSE
	EndGlobalSection
	GlobalSection(ExtensibilityGlobals) = postSolution
		SolutionGuid = {EE6DD474-A175-46EE-9F48-5CA03B745AD5}
	EndGlobalSection
EndGlobal
